
Microsoft Visual Studio Solution File, Format Version 12.00
# Visual Studio 2012
Project("{FAE04EC0-301F-11D3-BF4B-00C04F79EFBC}") = "Robot.Simulator", "Robot.Simulator\Robot.Simulator.csproj", "{601C37EC-CA68-401C-8FE6-DF2569CD0FE3}"
EndProject
Project("{FAE04EC0-301F-11D3-BF4B-00C04F79EFBC}") = "Robot.Library", "Robot.Library\Robot.Library.csproj", "{12167690-05A6-4257-875B-8A253B3B62F5}"
EndProject
Project("{2150E333-8FDC-42A3-9474-1A3956D46DE8}") = "Sql", "Sql", "{0D07392F-AD1A-49BD-AD12-FE01D3755C99}"
	ProjectSection(SolutionItems) = preProject
		Sql\Instruction.sql = Sql\Instruction.sql
		Sql\Part.sql = Sql\Part.sql
		Sql\Robot.sql = Sql\Robot.sql
	EndProjectSection
EndProject
Global
	GlobalSection(SolutionConfigurationPlatforms) = preSolution
		Debug|Any CPU = Debug|Any CPU
		Release|Any CPU = Release|Any CPU
	EndGlobalSection
	GlobalSection(ProjectConfigurationPlatforms) = postSolution
		{601C37EC-CA68-401C-8FE6-DF2569CD0FE3}.Debug|Any CPU.ActiveCfg = Debug|Any CPU
		{601C37EC-CA68-401C-8FE6-DF2569CD0FE3}.Debug|Any CPU.Build.0 = Debug|Any CPU
		{601C37EC-CA68-401C-8FE6-DF2569CD0FE3}.Release|Any CPU.ActiveCfg = Release|Any CPU
		{601C37EC-CA68-401C-8FE6-DF2569CD0FE3}.Release|Any CPU.Build.0 = Release|Any CPU
		{12167690-05A6-4257-875B-8A253B3B62F5}.Debug|Any CPU.ActiveCfg = Debug|Any CPU
		{12167690-05A6-4257-875B-8A253B3B62F5}.Debug|Any CPU.Build.0 = Debug|Any CPU
		{12167690-05A6-4257-875B-8A253B3B62F5}.Release|Any CPU.ActiveCfg = Release|Any CPU
		{12167690-05A6-4257-875B-8A253B3B62F5}.Release|Any CPU.Build.0 = Release|Any CPU
	EndGlobalSection
	GlobalSection(SolutionProperties) = preSolution
		HideSolutionNode = FALSE
	EndGlobalSection
EndGlobal
